
Microsoft Visual Studio Solution File, Format Version 12.00
# Visual Studio Version 17
VisualStudioVersion = 17.9.34902.65
MinimumVisualStudioVersion = 10.0.40219.1
Project("{FAE04EC0-301F-11D3-BF4B-00C04F79EFBC}") = "EFCreateStrategyApp", "EFCreateStrategyApp\EFCreateStrategyApp.csproj", "{74E984AF-EEA6-4E9B-8723-E37EC83BDA9B}"
EndProject
Global
	GlobalSection(SolutionConfigurationPlatforms) = preSolution
		Debug|Any CPU = Debug|Any CPU
		Release|Any CPU = Release|Any CPU
	EndGlobalSection
	GlobalSection(ProjectConfigurationPlatforms) = postSolution
		{74E984AF-EEA6-4E9B-8723-E37EC83BDA9B}.Debug|Any CPU.ActiveCfg = Debug|Any CPU
		{74E984AF-EEA6-4E9B-8723-E37EC83BDA9B}.Debug|Any CPU.Build.0 = Debug|Any CPU
		{74E984AF-EEA6-4E9B-8723-E37EC83BDA9B}.Release|Any CPU.ActiveCfg = Release|Any CPU
		{74E984AF-EEA6-4E9B-8723-E37EC83BDA9B}.Release|Any CPU.Build.0 = Release|Any CPU
	EndGlobalSection
	GlobalSection(SolutionProperties) = preSolution
		HideSolutionNode = FALSE
	EndGlobalSection
	GlobalSection(ExtensibilityGlobals) = postSolution
		SolutionGuid = {80ACC98D-1C45-48A7-AAA1-C028740DB043}
	EndGlobalSection
EndGlobal
